
Microsoft Visual Studio Solution File, Format Version 12.00
# Visual Studio 15
VisualStudioVersion = 15.0.28307.329
MinimumVisualStudioVersion = 10.0.40219.1
Project("{8BC9CEB8-8B4A-11D0-8D11-00A0C91BC942}") = "Assignment01_Douglas", "Assignment01_Douglas\Assignment01_Douglas.vcxproj", "{B9D53E59-6B04-4C43-B9B7-F8F1E88975FD}"
EndProject
Global
	GlobalSection(SolutionConfigurationPlatforms) = preSolution
		Debug|x64 = Debug|x64
		Debug|x86 = Debug|x86
		Release|x64 = Release|x64
		Release|x86 = Release|x86
	EndGlobalSection
	GlobalSection(ProjectConfigurationPlatforms) = postSolution
		{B9D53E59-6B04-4C43-B9B7-F8F1E88975FD}.Debug|x64.ActiveCfg = Debug|x64
		{B9D53E59-6B04-4C43-B9B7-F8F1E88975FD}.Debug|x64.Build.0 = Debug|x64
		{B9D53E59-6B04-4C43-B9B7-F8F1E88975FD}.Debug|x86.ActiveCfg = Debug|Win32
		{B9D53E59-6B04-4C43-B9B7-F8F1E88975FD}.Debug|x86.Build.0 = Debug|Win32
		{B9D53E59-6B04-4C43-B9B7-F8F1E88975FD}.Release|x64.ActiveCfg = Release|x64
		{B9D53E59-6B04-4C43-B9B7-F8F1E88975FD}.Release|x64.Build.0 = Release|x64
		{B9D53E59-6B04-4C43-B9B7-F8F1E88975FD}.Release|x86.ActiveCfg = Release|Win32
		{B9D53E59-6B04-4C43-B9B7-F8F1E88975FD}.Release|x86.Build.0 = Release|Win32
	EndGlobalSection
	GlobalSection(SolutionProperties) = preSolution
		HideSolutionNode = FALSE
	EndGlobalSection
	GlobalSection(ExtensibilityGlobals) = postSolution
		SolutionGuid = {91FC9FC3-CB58-43F8-8726-CC7510AB8BFB}
	EndGlobalSection
EndGlobal
